// !$*UTF8*$!
{
	archiveVersion = 1;
	classes = {
	};
	objectVersion = 55;
	objects = {

/* Begin PBXBuildFile section */
		222249D527B14BFF008A97CD /* CurrencyView.xib in Resources */ = {isa = PBXBuildFile; fileRef = 222249D427B14BFF008A97CD /* CurrencyView.xib */; };
		222249D727B14CBF008A97CD /* CurrencyView.swift in Sources */ = {isa = PBXBuildFile; fileRef = 222249D627B14CBF008A97CD /* CurrencyView.swift */; };
		224247C127AECB88001493E1 /* VarensButton.xib in Resources */ = {isa = PBXBuildFile; fileRef = 224247C027AECB88001493E1 /* VarensButton.xib */; };
		224247C327AECB98001493E1 /* VarensButton.swift in Sources */ = {isa = PBXBuildFile; fileRef = 224247C227AECB98001493E1 /* VarensButton.swift */; };
		224247C627AEDA51001493E1 /* ChartViewController.swift in Sources */ = {isa = PBXBuildFile; fileRef = 224247C527AEDA51001493E1 /* ChartViewController.swift */; };
		2263870D27AE5D0E001EDBB1 /* AppDelegate.swift in Sources */ = {isa = PBXBuildFile; fileRef = 2263870C27AE5D0E001EDBB1 /* AppDelegate.swift */; };
		2263870F27AE5D0E001EDBB1 /* SceneDelegate.swift in Sources */ = {isa = PBXBuildFile; fileRef = 2263870E27AE5D0E001EDBB1 /* SceneDelegate.swift */; };
		2263871127AE5D0E001EDBB1 /* ViewController.swift in Sources */ = {isa = PBXBuildFile; fileRef = 2263871027AE5D0E001EDBB1 /* ViewController.swift */; };
		2263871427AE5D0E001EDBB1 /* Main.storyboard in Resources */ = {isa = PBXBuildFile; fileRef = 2263871227AE5D0E001EDBB1 /* Main.storyboard */; };
		2263871627AE5D11001EDBB1 /* Assets.xcassets in Resources */ = {isa = PBXBuildFile; fileRef = 2263871527AE5D11001EDBB1 /* Assets.xcassets */; };
		2263871927AE5D11001EDBB1 /* LaunchScreen.storyboard in Resources */ = {isa = PBXBuildFile; fileRef = 2263871727AE5D11001EDBB1 /* LaunchScreen.storyboard */; };
		228C828827AEE874007A9348 /* StatTableViewCell.swift in Sources */ = {isa = PBXBuildFile; fileRef = 228C828627AEE874007A9348 /* StatTableViewCell.swift */; };
		228C828927AEE874007A9348 /* StatTableViewCell.xib in Resources */ = {isa = PBXBuildFile; fileRef = 228C828727AEE874007A9348 /* StatTableViewCell.xib */; };
		228C828D27AEEA49007A9348 /* StatModel.swift in Sources */ = {isa = PBXBuildFile; fileRef = 228C828C27AEEA49007A9348 /* StatModel.swift */; };
		22AF901927AEB0B2007E4B5C /* VarensView.swift in Sources */ = {isa = PBXBuildFile; fileRef = 22AF901827AEB0B2007E4B5C /* VarensView.swift */; };
		22AF901B27AEB0D0007E4B5C /* VarensImageView.swift in Sources */ = {isa = PBXBuildFile; fileRef = 22AF901A27AEB0D0007E4B5C /* VarensImageView.swift */; };
		22AF901D27AEB380007E4B5C /* CALayer+ Extension.swift in Sources */ = {isa = PBXBuildFile; fileRef = 22AF901C27AEB380007E4B5C /* CALayer+ Extension.swift */; };
		22CDC1BE27B1865E003AA28D /* ExchangeViewController.swift in Sources */ = {isa = PBXBuildFile; fileRef = 22CDC1BC27B1865E003AA28D /* ExchangeViewController.swift */; };
		22CDC1BF27B1865E003AA28D /* ExchangeViewController.xib in Resources */ = {isa = PBXBuildFile; fileRef = 22CDC1BD27B1865E003AA28D /* ExchangeViewController.xib */; };
		22CDC1CA27B18F2F003AA28D /* BottomPopupUtils.swift in Sources */ = {isa = PBXBuildFile; fileRef = 22CDC1C227B18F2E003AA28D /* BottomPopupUtils.swift */; };
		22CDC1CB27B18F2F003AA28D /* BottomPopupTransitionHandler.swift in Sources */ = {isa = PBXBuildFile; fileRef = 22CDC1C327B18F2E003AA28D /* BottomPopupTransitionHandler.swift */; };
		22CDC1CC27B18F2F003AA28D /* BottomPopupPresentationController.swift in Sources */ = {isa = PBXBuildFile; fileRef = 22CDC1C427B18F2E003AA28D /* BottomPopupPresentationController.swift */; };
		22CDC1CD27B18F2F003AA28D /* BottomPopupNavigationController.swift in Sources */ = {isa = PBXBuildFile; fileRef = 22CDC1C527B18F2E003AA28D /* BottomPopupNavigationController.swift */; };
		22CDC1CE27B18F2F003AA28D /* BottomPopupPresentAnimator.swift in Sources */ = {isa = PBXBuildFile; fileRef = 22CDC1C627B18F2E003AA28D /* BottomPopupPresentAnimator.swift */; };
		22CDC1CF27B18F2F003AA28D /* BottomPopupViewController.swift in Sources */ = {isa = PBXBuildFile; fileRef = 22CDC1C727B18F2E003AA28D /* BottomPopupViewController.swift */; };
		22CDC1D027B18F2F003AA28D /* BottomPopupDismissInteractionController.swift in Sources */ = {isa = PBXBuildFile; fileRef = 22CDC1C827B18F2E003AA28D /* BottomPopupDismissInteractionController.swift */; };
		22CDC1D127B18F2F003AA28D /* BottomPopupDismissAnimator.swift in Sources */ = {isa = PBXBuildFile; fileRef = 22CDC1C927B18F2F003AA28D /* BottomPopupDismissAnimator.swift */; };
		22CDC1D727B1913D003AA28D /* ExChangeBottomCard.storyboard in Resources */ = {isa = PBXBuildFile; fileRef = 22CDC1D627B1913D003AA28D /* ExChangeBottomCard.storyboard */; };
		22CDC1D927B1915F003AA28D /* ExChangeBottomViewController.swift in Sources */ = {isa = PBXBuildFile; fileRef = 22CDC1D827B1915F003AA28D /* ExChangeBottomViewController.swift */; };
		22EE6DE527B103E200346C2E /* Env.swift in Sources */ = {isa = PBXBuildFile; fileRef = 22EE6DE427B103E200346C2E /* Env.swift */; };
		22EE6DE727B1041500346C2E /* CandleStickModel.swift in Sources */ = {isa = PBXBuildFile; fileRef = 22EE6DE627B1041500346C2E /* CandleStickModel.swift */; };
		30C7746FF8C1713BC5613C8F /* Pods_VarensTradeApp.framework in Frameworks */ = {isa = PBXBuildFile; fileRef = E61D7F8FE711B35A1C60CB9D /* Pods_VarensTradeApp.framework */; };
/* End PBXBuildFile section */

/* Begin PBXFileReference section */
		0F98266BF60ED2A741EBD589 /* Pods-VarensTradeApp.debug.xcconfig */ = {isa = PBXFileReference; includeInIndex = 1; lastKnownFileType = text.xcconfig; name = "Pods-VarensTradeApp.debug.xcconfig"; path = "Target Support Files/Pods-VarensTradeApp/Pods-VarensTradeApp.debug.xcconfig"; sourceTree = "<group>"; };
		222249D427B14BFF008A97CD /* CurrencyView.xib */ = {isa = PBXFileReference; lastKnownFileType = file.xib; path = CurrencyView.xib; sourceTree = "<group>"; };
		222249D627B14CBF008A97CD /* CurrencyView.swift */ = {isa = PBXFileReference; lastKnownFileType = sourcecode.swift; path = CurrencyView.swift; sourceTree = "<group>"; };
		224247C027AECB88001493E1 /* VarensButton.xib */ = {isa = PBXFileReference; lastKnownFileType = file.xib; path = VarensButton.xib; sourceTree = "<group>"; };
		224247C227AECB98001493E1 /* VarensButton.swift */ = {isa = PBXFileReference; lastKnownFileType = sourcecode.swift; path = VarensButton.swift; sourceTree = "<group>"; };
		224247C527AEDA51001493E1 /* ChartViewController.swift */ = {isa = PBXFileReference; lastKnownFileType = sourcecode.swift; path = ChartViewController.swift; sourceTree = "<group>"; };
		2263870927AE5D0E001EDBB1 /* VarensTradeApp.app */ = {isa = PBXFileReference; explicitFileType = wrapper.application; includeInIndex = 0; path = VarensTradeApp.app; sourceTree = BUILT_PRODUCTS_DIR; };
		2263870C27AE5D0E001EDBB1 /* AppDelegate.swift */ = {isa = PBXFileReference; lastKnownFileType = sourcecode.swift; path = AppDelegate.swift; sourceTree = "<group>"; };
		2263870E27AE5D0E001EDBB1 /* SceneDelegate.swift */ = {isa = PBXFileReference; lastKnownFileType = sourcecode.swift; path = SceneDelegate.swift; sourceTree = "<group>"; };
		2263871027AE5D0E001EDBB1 /* ViewController.swift */ = {isa = PBXFileReference; lastKnownFileType = sourcecode.swift; path = ViewController.swift; sourceTree = "<group>"; };
		2263871327AE5D0E001EDBB1 /* Base */ = {isa = PBXFileReference; lastKnownFileType = file.storyboard; name = Base; path = Base.lproj/Main.storyboard; sourceTree = "<group>"; };
		2263871527AE5D11001EDBB1 /* Assets.xcassets */ = {isa = PBXFileReference; lastKnownFileType = folder.assetcatalog; path = Assets.xcassets; sourceTree = "<group>"; };
		2263871827AE5D11001EDBB1 /* Base */ = {isa = PBXFileReference; lastKnownFileType = file.storyboard; name = Base; path = Base.lproj/LaunchScreen.storyboard; sourceTree = "<group>"; };
		2263871A27AE5D11001EDBB1 /* Info.plist */ = {isa = PBXFileReference; lastKnownFileType = text.plist.xml; path = Info.plist; sourceTree = "<group>"; };
		228C828627AEE874007A9348 /* StatTableViewCell.swift */ = {isa = PBXFileReference; lastKnownFileType = sourcecode.swift; path = StatTableViewCell.swift; sourceTree = "<group>"; };
		228C828727AEE874007A9348 /* StatTableViewCell.xib */ = {isa = PBXFileReference; lastKnownFileType = file.xib; path = StatTableViewCell.xib; sourceTree = "<group>"; };
		228C828C27AEEA49007A9348 /* StatModel.swift */ = {isa = PBXFileReference; lastKnownFileType = sourcecode.swift; path = StatModel.swift; sourceTree = "<group>"; };
		22AF901827AEB0B2007E4B5C /* VarensView.swift */ = {isa = PBXFileReference; lastKnownFileType = sourcecode.swift; path = VarensView.swift; sourceTree = "<group>"; };
		22AF901A27AEB0D0007E4B5C /* VarensImageView.swift */ = {isa = PBXFileReference; lastKnownFileType = sourcecode.swift; path = VarensImageView.swift; sourceTree = "<group>"; };
		22AF901C27AEB380007E4B5C /* CALayer+ Extension.swift */ = {isa = PBXFileReference; lastKnownFileType = sourcecode.swift; path = "CALayer+ Extension.swift"; sourceTree = "<group>"; };
		22CDC1BC27B1865E003AA28D /* ExchangeViewController.swift */ = {isa = PBXFileReference; lastKnownFileType = sourcecode.swift; path = ExchangeViewController.swift; sourceTree = "<group>"; };
		22CDC1BD27B1865E003AA28D /* ExchangeViewController.xib */ = {isa = PBXFileReference; lastKnownFileType = file.xib; path = ExchangeViewController.xib; sourceTree = "<group>"; };
		22CDC1C227B18F2E003AA28D /* BottomPopupUtils.swift */ = {isa = PBXFileReference; fileEncoding = 4; lastKnownFileType = sourcecode.swift; path = BottomPopupUtils.swift; sourceTree = "<group>"; };
		22CDC1C327B18F2E003AA28D /* BottomPopupTransitionHandler.swift */ = {isa = PBXFileReference; fileEncoding = 4; lastKnownFileType = sourcecode.swift; path = BottomPopupTransitionHandler.swift; sourceTree = "<group>"; };
		22CDC1C427B18F2E003AA28D /* BottomPopupPresentationController.swift */ = {isa = PBXFileReference; fileEncoding = 4; lastKnownFileType = sourcecode.swift; path = BottomPopupPresentationController.swift; sourceTree = "<group>"; };
		22CDC1C527B18F2E003AA28D /* BottomPopupNavigationController.swift */ = {isa = PBXFileReference; fileEncoding = 4; lastKnownFileType = sourcecode.swift; path = BottomPopupNavigationController.swift; sourceTree = "<group>"; };
		22CDC1C627B18F2E003AA28D /* BottomPopupPresentAnimator.swift */ = {isa = PBXFileReference; fileEncoding = 4; lastKnownFileType = sourcecode.swift; path = BottomPopupPresentAnimator.swift; sourceTree = "<group>"; };
		22CDC1C727B18F2E003AA28D /* BottomPopupViewController.swift */ = {isa = PBXFileReference; fileEncoding = 4; lastKnownFileType = sourcecode.swift; path = BottomPopupViewController.swift; sourceTree = "<group>"; };
		22CDC1C827B18F2E003AA28D /* BottomPopupDismissInteractionController.swift */ = {isa = PBXFileReference; fileEncoding = 4; lastKnownFileType = sourcecode.swift; path = BottomPopupDismissInteractionController.swift; sourceTree = "<group>"; };
		22CDC1C927B18F2F003AA28D /* BottomPopupDismissAnimator.swift */ = {isa = PBXFileReference; fileEncoding = 4; lastKnownFileType = sourcecode.swift; path = BottomPopupDismissAnimator.swift; sourceTree = "<group>"; };
		22CDC1D627B1913D003AA28D /* ExChangeBottomCard.storyboard */ = {isa = PBXFileReference; lastKnownFileType = file.storyboard; path = ExChangeBottomCard.storyboard; sourceTree = "<group>"; };
		22CDC1D827B1915F003AA28D /* ExChangeBottomViewController.swift */ = {isa = PBXFileReference; lastKnownFileType = sourcecode.swift; path = ExChangeBottomViewController.swift; sourceTree = "<group>"; };
		22EE6DE427B103E200346C2E /* Env.swift */ = {isa = PBXFileReference; lastKnownFileType = sourcecode.swift; path = Env.swift; sourceTree = "<group>"; };
		22EE6DE627B1041500346C2E /* CandleStickModel.swift */ = {isa = PBXFileReference; lastKnownFileType = sourcecode.swift; path = CandleStickModel.swift; sourceTree = "<group>"; };
		5BC27060BAC185709C832AA3 /* Pods-VarensTradeApp.release.xcconfig */ = {isa = PBXFileReference; includeInIndex = 1; lastKnownFileType = text.xcconfig; name = "Pods-VarensTradeApp.release.xcconfig"; path = "Target Support Files/Pods-VarensTradeApp/Pods-VarensTradeApp.release.xcconfig"; sourceTree = "<group>"; };
		E61D7F8FE711B35A1C60CB9D /* Pods_VarensTradeApp.framework */ = {isa = PBXFileReference; explicitFileType = wrapper.framework; includeInIndex = 0; path = Pods_VarensTradeApp.framework; sourceTree = BUILT_PRODUCTS_DIR; };
/* End PBXFileReference section */

/* Begin PBXFrameworksBuildPhase section */
		2263870627AE5D0E001EDBB1 /* Frameworks */ = {
			isa = PBXFrameworksBuildPhase;
			buildActionMask = 2147483647;
			files = (
				30C7746FF8C1713BC5613C8F /* Pods_VarensTradeApp.framework in Frameworks */,
			);
			runOnlyForDeploymentPostprocessing = 0;
		};
/* End PBXFrameworksBuildPhase section */

/* Begin PBXGroup section */
		1B4B00C145B90B16C5D37F01 /* Frameworks */ = {
			isa = PBXGroup;
			children = (
				E61D7F8FE711B35A1C60CB9D /* Pods_VarensTradeApp.framework */,
			);
			name = Frameworks;
			sourceTree = "<group>";
		};
		222249D327B14BDE008A97CD /* CurrencyView */ = {
			isa = PBXGroup;
			children = (
				222249D427B14BFF008A97CD /* CurrencyView.xib */,
				222249D627B14CBF008A97CD /* CurrencyView.swift */,
			);
			path = CurrencyView;
			sourceTree = "<group>";
		};
		224247BF27AECB66001493E1 /* VarensButton */ = {
			isa = PBXGroup;
			children = (
				224247C027AECB88001493E1 /* VarensButton.xib */,
				224247C227AECB98001493E1 /* VarensButton.swift */,
			);
			path = VarensButton;
			sourceTree = "<group>";
		};
		224247C427AEDA36001493E1 /* ChartViewController */ = {
			isa = PBXGroup;
			children = (
				224247C527AEDA51001493E1 /* ChartViewController.swift */,
			);
			path = ChartViewController;
			sourceTree = "<group>";
		};
		224247C927AEE0C8001493E1 /* Screens */ = {
			isa = PBXGroup;
			children = (
				2263871027AE5D0E001EDBB1 /* ViewController.swift */,
				224247C427AEDA36001493E1 /* ChartViewController */,
				22CDC1C027B18665003AA28D /* ExchangeViewController */,
			);
			path = Screens;
			sourceTree = "<group>";
		};
		2263870027AE5D0E001EDBB1 = {
			isa = PBXGroup;
			children = (
				2263870B27AE5D0E001EDBB1 /* VarensTradeApp */,
				2263870A27AE5D0E001EDBB1 /* Products */,
				DA986707F162EA24D2BD9F23 /* Pods */,
				1B4B00C145B90B16C5D37F01 /* Frameworks */,
			);
			sourceTree = "<group>";
		};
		2263870A27AE5D0E001EDBB1 /* Products */ = {
			isa = PBXGroup;
			children = (
				2263870927AE5D0E001EDBB1 /* VarensTradeApp.app */,
			);
			name = Products;
			sourceTree = "<group>";
		};
		2263870B27AE5D0E001EDBB1 /* VarensTradeApp */ = {
			isa = PBXGroup;
			children = (
				228C828B27AEEA3C007A9348 /* Model */,
				228C828527AEE84D007A9348 /* Cells */,
				224247C927AEE0C8001493E1 /* Screens */,
				22AF901E27AEBD96007E4B5C /* Fonts */,
				22AF901727AEB0A0007E4B5C /* CustomViews */,
				22AF901427AEADB5007E4B5C /* Extensions */,
				2263870C27AE5D0E001EDBB1 /* AppDelegate.swift */,
				2263870E27AE5D0E001EDBB1 /* SceneDelegate.swift */,
				2263871227AE5D0E001EDBB1 /* Main.storyboard */,
				2263871527AE5D11001EDBB1 /* Assets.xcassets */,
				2263871727AE5D11001EDBB1 /* LaunchScreen.storyboard */,
				2263871A27AE5D11001EDBB1 /* Info.plist */,
			);
			path = VarensTradeApp;
			sourceTree = "<group>";
		};
		228C828527AEE84D007A9348 /* Cells */ = {
			isa = PBXGroup;
			children = (
				228C828A27AEE87C007A9348 /* StatTableViewCell */,
			);
			path = Cells;
			sourceTree = "<group>";
		};
		228C828A27AEE87C007A9348 /* StatTableViewCell */ = {
			isa = PBXGroup;
			children = (
				228C828627AEE874007A9348 /* StatTableViewCell.swift */,
				228C828727AEE874007A9348 /* StatTableViewCell.xib */,
			);
			path = StatTableViewCell;
			sourceTree = "<group>";
		};
		228C828B27AEEA3C007A9348 /* Model */ = {
			isa = PBXGroup;
			children = (
				228C828C27AEEA49007A9348 /* StatModel.swift */,
				22EE6DE627B1041500346C2E /* CandleStickModel.swift */,
			);
			path = Model;
			sourceTree = "<group>";
		};
		22AF901427AEADB5007E4B5C /* Extensions */ = {
			isa = PBXGroup;
			children = (
				22AF901C27AEB380007E4B5C /* CALayer+ Extension.swift */,
				22EE6DE427B103E200346C2E /* Env.swift */,
			);
			path = Extensions;
			sourceTree = "<group>";
		};
		22AF901727AEB0A0007E4B5C /* CustomViews */ = {
			isa = PBXGroup;
			children = (
				22CDC1C127B18F18003AA28D /* BottomPopupController */,
				222249D327B14BDE008A97CD /* CurrencyView */,
				224247BF27AECB66001493E1 /* VarensButton */,
				22AF901827AEB0B2007E4B5C /* VarensView.swift */,
				22AF901A27AEB0D0007E4B5C /* VarensImageView.swift */,
			);
			path = CustomViews;
			sourceTree = "<group>";
		};
		22AF901E27AEBD96007E4B5C /* Fonts */ = {
			isa = PBXGroup;
			children = (
			);
			path = Fonts;
			sourceTree = "<group>";
		};
		22CDC1C027B18665003AA28D /* ExchangeViewController */ = {
			isa = PBXGroup;
			children = (
				22CDC1BC27B1865E003AA28D /* ExchangeViewController.swift */,
				22CDC1BD27B1865E003AA28D /* ExchangeViewController.xib */,
				22CDC1D627B1913D003AA28D /* ExChangeBottomCard.storyboard */,
				22CDC1D827B1915F003AA28D /* ExChangeBottomViewController.swift */,
			);
			path = ExchangeViewController;
			sourceTree = "<group>";
		};
		22CDC1C127B18F18003AA28D /* BottomPopupController */ = {
			isa = PBXGroup;
			children = (
				22CDC1C927B18F2F003AA28D /* BottomPopupDismissAnimator.swift */,
				22CDC1C827B18F2E003AA28D /* BottomPopupDismissInteractionController.swift */,
				22CDC1C527B18F2E003AA28D /* BottomPopupNavigationController.swift */,
				22CDC1C627B18F2E003AA28D /* BottomPopupPresentAnimator.swift */,
				22CDC1C427B18F2E003AA28D /* BottomPopupPresentationController.swift */,
				22CDC1C327B18F2E003AA28D /* BottomPopupTransitionHandler.swift */,
				22CDC1C227B18F2E003AA28D /* BottomPopupUtils.swift */,
				22CDC1C727B18F2E003AA28D /* BottomPopupViewController.swift */,
			);
			path = BottomPopupController;
			sourceTree = "<group>";
		};
		DA986707F162EA24D2BD9F23 /* Pods */ = {
			isa = PBXGroup;
			children = (
				0F98266BF60ED2A741EBD589 /* Pods-VarensTradeApp.debug.xcconfig */,
				5BC27060BAC185709C832AA3 /* Pods-VarensTradeApp.release.xcconfig */,
			);
			path = Pods;
			sourceTree = "<group>";
		};
/* End PBXGroup section */

/* Begin PBXNativeTarget section */
		2263870827AE5D0E001EDBB1 /* VarensTradeApp */ = {
			isa = PBXNativeTarget;
			buildConfigurationList = 2263871D27AE5D11001EDBB1 /* Build configuration list for PBXNativeTarget "VarensTradeApp" */;
			buildPhases = (
				1EB288F498ED882B0BBCBD57 /* [CP] Check Pods Manifest.lock */,
				2263870527AE5D0E001EDBB1 /* Sources */,
				2263870627AE5D0E001EDBB1 /* Frameworks */,
				2263870727AE5D0E001EDBB1 /* Resources */,
				BBFB1D04DA606B06D95F57CA /* [CP] Embed Pods Frameworks */,
			);
			buildRules = (
			);
			dependencies = (
			);
			name = VarensTradeApp;
			productName = VarensTradeApp;
			productReference = 2263870927AE5D0E001EDBB1 /* VarensTradeApp.app */;
			productType = "com.apple.product-type.application";
		};
/* End PBXNativeTarget section */

/* Begin PBXProject section */
		2263870127AE5D0E001EDBB1 /* Project object */ = {
			isa = PBXProject;
			attributes = {
				BuildIndependentTargetsInParallel = 1;
				LastSwiftUpdateCheck = 1310;
				LastUpgradeCheck = 1310;
				TargetAttributes = {
					2263870827AE5D0E001EDBB1 = {
						CreatedOnToolsVersion = 13.1;
					};
				};
			};
			buildConfigurationList = 2263870427AE5D0E001EDBB1 /* Build configuration list for PBXProject "VarensTradeApp" */;
			compatibilityVersion = "Xcode 13.0";
			developmentRegion = en;
			hasScannedForEncodings = 0;
			knownRegions = (
				en,
				Base,
			);
			mainGroup = 2263870027AE5D0E001EDBB1;
			productRefGroup = 2263870A27AE5D0E001EDBB1 /* Products */;
			projectDirPath = "";
			projectRoot = "";
			targets = (
				2263870827AE5D0E001EDBB1 /* VarensTradeApp */,
			);
		};
/* End PBXProject section */

/* Begin PBXResourcesBuildPhase section */
		2263870727AE5D0E001EDBB1 /* Resources */ = {
			isa = PBXResourcesBuildPhase;
			buildActionMask = 2147483647;
			files = (
				22CDC1D727B1913D003AA28D /* ExChangeBottomCard.storyboard in Resources */,
				224247C127AECB88001493E1 /* VarensButton.xib in Resources */,
				2263871927AE5D11001EDBB1 /* LaunchScreen.storyboard in Resources */,
				2263871627AE5D11001EDBB1 /* Assets.xcassets in Resources */,
				2263871427AE5D0E001EDBB1 /* Main.storyboard in Resources */,
				228C828927AEE874007A9348 /* StatTableViewCell.xib in Resources */,
				22CDC1BF27B1865E003AA28D /* ExchangeViewController.xib in Resources */,
				222249D527B14BFF008A97CD /* CurrencyView.xib in Resources */,
			);
			runOnlyForDeploymentPostprocessing = 0;
		};
/* End PBXResourcesBuildPhase section */

/* Begin PBXShellScriptBuildPhase section */
		1EB288F498ED882B0BBCBD57 /* [CP] Check Pods Manifest.lock */ = {
			isa = PBXShellScriptBuildPhase;
			buildActionMask = 2147483647;
			files = (
			);
			inputFileListPaths = (
			);
			inputPaths = (
				"${PODS_PODFILE_DIR_PATH}/Podfile.lock",
				"${PODS_ROOT}/Manifest.lock",
			);
			name = "[CP] Check Pods Manifest.lock";
			outputFileListPaths = (
			);
			outputPaths = (
				"$(DERIVED_FILE_DIR)/Pods-VarensTradeApp-checkManifestLockResult.txt",
			);
			runOnlyForDeploymentPostprocessing = 0;
			shellPath = /bin/sh;
			shellScript = "diff \"${PODS_PODFILE_DIR_PATH}/Podfile.lock\" \"${PODS_ROOT}/Manifest.lock\" > /dev/null\nif [ $? != 0 ] ; then\n    # print error to STDERR\n    echo \"error: The sandbox is not in sync with the Podfile.lock. Run 'pod install' or update your CocoaPods installation.\" >&2\n    exit 1\nfi\n# This output is used by Xcode 'outputs' to avoid re-running this script phase.\necho \"SUCCESS\" > \"${SCRIPT_OUTPUT_FILE_0}\"\n";
			showEnvVarsInLog = 0;
		};
		BBFB1D04DA606B06D95F57CA /* [CP] Embed Pods Frameworks */ = {
			isa = PBXShellScriptBuildPhase;
			buildActionMask = 2147483647;
			files = (
			);
			inputFileListPaths = (
				"${PODS_ROOT}/Target Support Files/Pods-VarensTradeApp/Pods-VarensTradeApp-frameworks-${CONFIGURATION}-input-files.xcfilelist",
			);
			name = "[CP] Embed Pods Frameworks";
			outputFileListPaths = (
				"${PODS_ROOT}/Target Support Files/Pods-VarensTradeApp/Pods-VarensTradeApp-frameworks-${CONFIGURATION}-output-files.xcfilelist",
			);
			runOnlyForDeploymentPostprocessing = 0;
			shellPath = /bin/sh;
			shellScript = "\"${PODS_ROOT}/Target Support Files/Pods-VarensTradeApp/Pods-VarensTradeApp-frameworks.sh\"\n";
			showEnvVarsInLog = 0;
		};
/* End PBXShellScriptBuildPhase section */

/* Begin PBXSourcesBuildPhase section */
		2263870527AE5D0E001EDBB1 /* Sources */ = {
			isa = PBXSourcesBuildPhase;
			buildActionMask = 2147483647;
			files = (
				224247C327AECB98001493E1 /* VarensButton.swift in Sources */,
				228C828827AEE874007A9348 /* StatTableViewCell.swift in Sources */,
				22CDC1D127B18F2F003AA28D /* BottomPopupDismissAnimator.swift in Sources */,
				2263871127AE5D0E001EDBB1 /* ViewController.swift in Sources */,
				22CDC1D927B1915F003AA28D /* ExChangeBottomViewController.swift in Sources */,
				22EE6DE727B1041500346C2E /* CandleStickModel.swift in Sources */,
				22AF901B27AEB0D0007E4B5C /* VarensImageView.swift in Sources */,
				2263870D27AE5D0E001EDBB1 /* AppDelegate.swift in Sources */,
				22CDC1CF27B18F2F003AA28D /* BottomPopupViewController.swift in Sources */,
				22AF901D27AEB380007E4B5C /* CALayer+ Extension.swift in Sources */,
				22CDC1CE27B18F2F003AA28D /* BottomPopupPresentAnimator.swift in Sources */,
				22CDC1CA27B18F2F003AA28D /* BottomPopupUtils.swift in Sources */,
				224247C627AEDA51001493E1 /* ChartViewController.swift in Sources */,
				222249D727B14CBF008A97CD /* CurrencyView.swift in Sources */,
				22CDC1BE27B1865E003AA28D /* ExchangeViewController.swift in Sources */,
				22CDC1D027B18F2F003AA28D /* BottomPopupDismissInteractionController.swift in Sources */,
				22CDC1CB27B18F2F003AA28D /* BottomPopupTransitionHandler.swift in Sources */,
				2263870F27AE5D0E001EDBB1 /* SceneDelegate.swift in Sources */,
				22CDC1CD27B18F2F003AA28D /* BottomPopupNavigationController.swift in Sources */,
				22AF901927AEB0B2007E4B5C /* VarensView.swift in Sources */,
				228C828D27AEEA49007A9348 /* StatModel.swift in Sources */,
				22EE6DE527B103E200346C2E /* Env.swift in Sources */,
				22CDC1CC27B18F2F003AA28D /* BottomPopupPresentationController.swift in Sources */,
			);
			runOnlyForDeploymentPostprocessing = 0;
		};
/* End PBXSourcesBuildPhase section */

/* Begin PBXVariantGroup section */
		2263871227AE5D0E001EDBB1 /* Main.storyboard */ = {
			isa = PBXVariantGroup;
			children = (
				2263871327AE5D0E001EDBB1 /* Base */,
			);
			name = Main.storyboard;
			sourceTree = "<group>";
		};
		2263871727AE5D11001EDBB1 /* LaunchScreen.storyboard */ = {
			isa = PBXVariantGroup;
			children = (
				2263871827AE5D11001EDBB1 /* Base */,
			);
			name = LaunchScreen.storyboard;
			sourceTree = "<group>";
		};
/* End PBXVariantGroup section */

/* Begin XCBuildConfiguration section */
		2263871B27AE5D11001EDBB1 /* Debug */ = {
			isa = XCBuildConfiguration;
			buildSettings = {
				ALWAYS_SEARCH_USER_PATHS = NO;
				CLANG_ANALYZER_NONNULL = YES;
				CLANG_ANALYZER_NUMBER_OBJECT_CONVERSION = YES_AGGRESSIVE;
				CLANG_CXX_LANGUAGE_STANDARD = "gnu++17";
				CLANG_CXX_LIBRARY = "libc++";
				CLANG_ENABLE_MODULES = YES;
				CLANG_ENABLE_OBJC_ARC = YES;
				CLANG_ENABLE_OBJC_WEAK = YES;
				CLANG_WARN_BLOCK_CAPTURE_AUTORELEASING = YES;
				CLANG_WARN_BOOL_CONVERSION = YES;
				CLANG_WARN_COMMA = YES;
				CLANG_WARN_CONSTANT_CONVERSION = YES;
				CLANG_WARN_DEPRECATED_OBJC_IMPLEMENTATIONS = YES;
				CLANG_WARN_DIRECT_OBJC_ISA_USAGE = YES_ERROR;
				CLANG_WARN_DOCUMENTATION_COMMENTS = YES;
				CLANG_WARN_EMPTY_BODY = YES;
				CLANG_WARN_ENUM_CONVERSION = YES;
				CLANG_WARN_INFINITE_RECURSION = YES;
				CLANG_WARN_INT_CONVERSION = YES;
				CLANG_WARN_NON_LITERAL_NULL_CONVERSION = YES;
				CLANG_WARN_OBJC_IMPLICIT_RETAIN_SELF = YES;
				CLANG_WARN_OBJC_LITERAL_CONVERSION = YES;
				CLANG_WARN_OBJC_ROOT_CLASS = YES_ERROR;
				CLANG_WARN_QUOTED_INCLUDE_IN_FRAMEWORK_HEADER = YES;
				CLANG_WARN_RANGE_LOOP_ANALYSIS = YES;
				CLANG_WARN_STRICT_PROTOTYPES = YES;
				CLANG_WARN_SUSPICIOUS_MOVE = YES;
				CLANG_WARN_UNGUARDED_AVAILABILITY = YES_AGGRESSIVE;
				CLANG_WARN_UNREACHABLE_CODE = YES;
				CLANG_WARN__DUPLICATE_METHOD_MATCH = YES;
				COPY_PHASE_STRIP = NO;
				DEBUG_INFORMATION_FORMAT = dwarf;
				ENABLE_STRICT_OBJC_MSGSEND = YES;
				ENABLE_TESTABILITY = YES;
				GCC_C_LANGUAGE_STANDARD = gnu11;
				GCC_DYNAMIC_NO_PIC = NO;
				GCC_NO_COMMON_BLOCKS = YES;
				GCC_OPTIMIZATION_LEVEL = 0;
				GCC_PREPROCESSOR_DEFINITIONS = (
					"DEBUG=1",
					"$(inherited)",
				);
				GCC_WARN_64_TO_32_BIT_CONVERSION = YES;
				GCC_WARN_ABOUT_RETURN_TYPE = YES_ERROR;
				GCC_WARN_UNDECLARED_SELECTOR = YES;
				GCC_WARN_UNINITIALIZED_AUTOS = YES_AGGRESSIVE;
				GCC_WARN_UNUSED_FUNCTION = YES;
				GCC_WARN_UNUSED_VARIABLE = YES;
				IPHONEOS_DEPLOYMENT_TARGET = 15.0;
				MTL_ENABLE_DEBUG_INFO = INCLUDE_SOURCE;
				MTL_FAST_MATH = YES;
				ONLY_ACTIVE_ARCH = YES;
				SDKROOT = iphoneos;
				SWIFT_ACTIVE_COMPILATION_CONDITIONS = DEBUG;
				SWIFT_OPTIMIZATION_LEVEL = "-Onone";
			};
			name = Debug;
		};
		2263871C27AE5D11001EDBB1 /* Release */ = {
			isa = XCBuildConfiguration;
			buildSettings = {
				ALWAYS_SEARCH_USER_PATHS = NO;
				CLANG_ANALYZER_NONNULL = YES;
				CLANG_ANALYZER_NUMBER_OBJECT_CONVERSION = YES_AGGRESSIVE;
				CLANG_CXX_LANGUAGE_STANDARD = "gnu++17";
				CLANG_CXX_LIBRARY = "libc++";
				CLANG_ENABLE_MODULES = YES;
				CLANG_ENABLE_OBJC_ARC = YES;
				CLANG_ENABLE_OBJC_WEAK = YES;
				CLANG_WARN_BLOCK_CAPTURE_AUTORELEASING = YES;
				CLANG_WARN_BOOL_CONVERSION = YES;
				CLANG_WARN_COMMA = YES;
				CLANG_WARN_CONSTANT_CONVERSION = YES;
				CLANG_WARN_DEPRECATED_OBJC_IMPLEMENTATIONS = YES;
				CLANG_WARN_DIRECT_OBJC_ISA_USAGE = YES_ERROR;
				CLANG_WARN_DOCUMENTATION_COMMENTS = YES;
				CLANG_WARN_EMPTY_BODY = YES;
				CLANG_WARN_ENUM_CONVERSION = YES;
				CLANG_WARN_INFINITE_RECURSION = YES;
				CLANG_WARN_INT_CONVERSION = YES;
				CLANG_WARN_NON_LITERAL_NULL_CONVERSION = YES;
				CLANG_WARN_OBJC_IMPLICIT_RETAIN_SELF = YES;
				CLANG_WARN_OBJC_LITERAL_CONVERSION = YES;
				CLANG_WARN_OBJC_ROOT_CLASS = YES_ERROR;
				CLANG_WARN_QUOTED_INCLUDE_IN_FRAMEWORK_HEADER = YES;
				CLANG_WARN_RANGE_LOOP_ANALYSIS = YES;
				CLANG_WARN_STRICT_PROTOTYPES = YES;
				CLANG_WARN_SUSPICIOUS_MOVE = YES;
				CLANG_WARN_UNGUARDED_AVAILABILITY = YES_AGGRESSIVE;
				CLANG_WARN_UNREACHABLE_CODE = YES;
				CLANG_WARN__DUPLICATE_METHOD_MATCH = YES;
				COPY_PHASE_STRIP = NO;
				DEBUG_INFORMATION_FORMAT = "dwarf-with-dsym";
				ENABLE_NS_ASSERTIONS = NO;
				ENABLE_STRICT_OBJC_MSGSEND = YES;
				GCC_C_LANGUAGE_STANDARD = gnu11;
				GCC_NO_COMMON_BLOCKS = YES;
				GCC_WARN_64_TO_32_BIT_CONVERSION = YES;
				GCC_WARN_ABOUT_RETURN_TYPE = YES_ERROR;
				GCC_WARN_UNDECLARED_SELECTOR = YES;
				GCC_WARN_UNINITIALIZED_AUTOS = YES_AGGRESSIVE;
				GCC_WARN_UNUSED_FUNCTION = YES;
				GCC_WARN_UNUSED_VARIABLE = YES;
				IPHONEOS_DEPLOYMENT_TARGET = 15.0;
				MTL_ENABLE_DEBUG_INFO = NO;
				MTL_FAST_MATH = YES;
				SDKROOT = iphoneos;
				SWIFT_COMPILATION_MODE = wholemodule;
				SWIFT_OPTIMIZATION_LEVEL = "-O";
				VALIDATE_PRODUCT = YES;
			};
			name = Release;
		};
		2263871E27AE5D11001EDBB1 /* Debug */ = {
			isa = XCBuildConfiguration;
			baseConfigurationReference = 0F98266BF60ED2A741EBD589 /* Pods-VarensTradeApp.debug.xcconfig */;
			buildSettings = {
				ASSETCATALOG_COMPILER_APPICON_NAME = AppIcon;
				ASSETCATALOG_COMPILER_GLOBAL_ACCENT_COLOR_NAME = AccentColor;
				CODE_SIGN_STYLE = Automatic;
				CURRENT_PROJECT_VERSION = 1;
				DEVELOPMENT_TEAM = ZB7W8B73A3;
				GENERATE_INFOPLIST_FILE = YES;
				INFOPLIST_FILE = VarensTradeApp/Info.plist;
				INFOPLIST_KEY_UIApplicationSupportsIndirectInputEvents = YES;
				INFOPLIST_KEY_UILaunchStoryboardName = LaunchScreen;
				INFOPLIST_KEY_UIMainStoryboardFile = Main;
				INFOPLIST_KEY_UISupportedInterfaceOrientations_iPad = "UIInterfaceOrientationPortrait UIInterfaceOrientationPortraitUpsideDown UIInterfaceOrientationLandscapeLeft UIInterfaceOrientationLandscapeRight";
				INFOPLIST_KEY_UISupportedInterfaceOrientations_iPhone = "UIInterfaceOrientationPortrait UIInterfaceOrientationLandscapeLeft UIInterfaceOrientationLandscapeRight";
				LD_RUNPATH_SEARCH_PATHS = (
					"$(inherited)",
					"@executable_path/Frameworks",
				);
				MARKETING_VERSION = 1.0;
				PRODUCT_BUNDLE_IDENTIFIER = com.timothyObeisun.VarensTradeApp;
				PRODUCT_NAME = "$(TARGET_NAME)";
				SWIFT_EMIT_LOC_STRINGS = YES;
				SWIFT_VERSION = 5.0;
				TARGETED_DEVICE_FAMILY = "1,2";
			};
			name = Debug;
		};
		2263871F27AE5D11001EDBB1 /* Release */ = {
			isa = XCBuildConfiguration;
			baseConfigurationReference = 5BC27060BAC185709C832AA3 /* Pods-VarensTradeApp.release.xcconfig */;
			buildSettings = {
				ASSETCATALOG_COMPILER_APPICON_NAME = AppIcon;
				ASSETCATALOG_COMPILER_GLOBAL_ACCENT_COLOR_NAME = AccentColor;
				CODE_SIGN_STYLE = Automatic;
				CURRENT_PROJECT_VERSION = 1;
				DEVELOPMENT_TEAM = ZB7W8B73A3;
				GENERATE_INFOPLIST_FILE = YES;
				INFOPLIST_FILE = VarensTradeApp/Info.plist;
				INFOPLIST_KEY_UIApplicationSupportsIndirectInputEvents = YES;
				INFOPLIST_KEY_UILaunchStoryboardName = LaunchScreen;
				INFOPLIST_KEY_UIMainStoryboardFile = Main;
				INFOPLIST_KEY_UISupportedInterfaceOrientations_iPad = "UIInterfaceOrientationPortrait UIInterfaceOrientationPortraitUpsideDown UIInterfaceOrientationLandscapeLeft UIInterfaceOrientationLandscapeRight";
				INFOPLIST_KEY_UISupportedInterfaceOrientations_iPhone = "UIInterfaceOrientationPortrait UIInterfaceOrientationLandscapeLeft UIInterfaceOrientationLandscapeRight";
				LD_RUNPATH_SEARCH_PATHS = (
					"$(inherited)",
					"@executable_path/Frameworks",
				);
				MARKETING_VERSION = 1.0;
				PRODUCT_BUNDLE_IDENTIFIER = com.timothyObeisun.VarensTradeApp;
				PRODUCT_NAME = "$(TARGET_NAME)";
				SWIFT_EMIT_LOC_STRINGS = YES;
				SWIFT_VERSION = 5.0;
				TARGETED_DEVICE_FAMILY = "1,2";
			};
			name = Release;
		};
/* End XCBuildConfiguration section */

/* Begin XCConfigurationList section */
		2263870427AE5D0E001EDBB1 /* Build configuration list for PBXProject "VarensTradeApp" */ = {
			isa = XCConfigurationList;
			buildConfigurations = (
				2263871B27AE5D11001EDBB1 /* Debug */,
				2263871C27AE5D11001EDBB1 /* Release */,
			);
			defaultConfigurationIsVisible = 0;
			defaultConfigurationName = Release;
		};
		2263871D27AE5D11001EDBB1 /* Build configuration list for PBXNativeTarget "VarensTradeApp" */ = {
			isa = XCConfigurationList;
			buildConfigurations = (
				2263871E27AE5D11001EDBB1 /* Debug */,
				2263871F27AE5D11001EDBB1 /* Release */,
			);
			defaultConfigurationIsVisible = 0;
			defaultConfigurationName = Release;
		};
/* End XCConfigurationList section */
	};
	rootObject = 2263870127AE5D0E001EDBB1 /* Project object */;
}
